
Microsoft Visual Studio Solution File, Format Version 12.00
# Visual Studio 15
VisualStudioVersion = 15.0.27130.2026
MinimumVisualStudioVersion = 10.0.40219.1
Project("{9A19103F-16F7-4668-BE54-9A1E7A4F7556}") = "SAFE.EventStore", "SAFE.EventStore\SAFE.EventStore.csproj", "{5D5A5146-E300-4EDA-ACB4-935B7F373860}"
EndProject
Project("{2150E333-8FDC-42A3-9474-1A3956D46DE8}") = "EventStore", "EventStore", "{CED0CC5F-207D-4848-8CC1-77D90BF18465}"
EndProject
Global
	GlobalSection(SolutionConfigurationPlatforms) = preSolution
		Debug|Any CPU = Debug|Any CPU
		Release|Any CPU = Release|Any CPU
	EndGlobalSection
	GlobalSection(ProjectConfigurationPlatforms) = postSolution
		{5D5A5146-E300-4EDA-ACB4-935B7F373860}.Debug|Any CPU.ActiveCfg = Debug|Any CPU
		{5D5A5146-E300-4EDA-ACB4-935B7F373860}.Debug|Any CPU.Build.0 = Debug|Any CPU
		{5D5A5146-E300-4EDA-ACB4-935B7F373860}.Release|Any CPU.ActiveCfg = Release|Any CPU
		{5D5A5146-E300-4EDA-ACB4-935B7F373860}.Release|Any CPU.Build.0 = Release|Any CPU
	EndGlobalSection
	GlobalSection(SolutionProperties) = preSolution
		HideSolutionNode = FALSE
	EndGlobalSection
	GlobalSection(NestedProjects) = preSolution
		{5D5A5146-E300-4EDA-ACB4-935B7F373860} = {CED0CC5F-207D-4848-8CC1-77D90BF18465}
	EndGlobalSection
	GlobalSection(ExtensibilityGlobals) = postSolution
		SolutionGuid = {5CB75C65-ED86-48E3-A0CA-C8084DBAFFA2}
	EndGlobalSection
EndGlobal
