
Microsoft Visual Studio Solution File, Format Version 12.00
# Visual Studio 15
VisualStudioVersion = 15.0.27004.2010
MinimumVisualStudioVersion = 10.0.40219.1
Project("{9A19103F-16F7-4668-BE54-9A1E7A4F7556}") = "SAFE.Utils", "SAFE.Utils\SAFE.Utils.csproj", "{AB2AD02C-7CD5-4BA4-94A4-AD8085B5609C}"
EndProject
Project("{9A19103F-16F7-4668-BE54-9A1E7A4F7556}") = "SAFE.EventStore", "SAFE.EventStore\SAFE.EventStore.csproj", "{5D5A5146-E300-4EDA-ACB4-935B7F373860}"
EndProject
Project("{9A19103F-16F7-4668-BE54-9A1E7A4F7556}") = "SAFE.CQRS", "SAFE.CQRS\SAFE.CQRS.csproj", "{A24D2E61-9C36-4D77-835E-362D337DE6A6}"
EndProject
Project("{9A19103F-16F7-4668-BE54-9A1E7A4F7556}") = "SAFE.EventStore.UI", "SAFE.EventStore.UI\SAFE.EventStore.UI.csproj", "{CE79BE8F-8DAA-459E-848D-4B499B2A5E5B}"
EndProject
Project("{2150E333-8FDC-42A3-9474-1A3956D46DE8}") = "CQRSFramework", "CQRSFramework", "{04B93F1D-877B-4069-B1DE-6BD9274C7212}"
EndProject
Project("{2150E333-8FDC-42A3-9474-1A3956D46DE8}") = "EventStore", "EventStore", "{CED0CC5F-207D-4848-8CC1-77D90BF18465}"
EndProject
Project("{2150E333-8FDC-42A3-9474-1A3956D46DE8}") = "UI", "UI", "{33A9936E-EB81-4330-BBBA-65437E05AE94}"
EndProject
Project("{FAE04EC0-301F-11D3-BF4B-00C04F79EFBC}") = "SAFE.EventStore.AppAuth", "SAFE.EventStore.AppAuth\SAFE.EventStore.AppAuth.csproj", "{7CECF6DC-FC08-43B5-B034-CFC6DFB60B1F}"
EndProject
Project("{2150E333-8FDC-42A3-9474-1A3956D46DE8}") = "Test", "Test", "{E349D12D-25E9-414B-93A3-A6E9F86ABBF6}"
EndProject
Project("{9A19103F-16F7-4668-BE54-9A1E7A4F7556}") = "SAFE.TestCQRSApp", "SAFE.TestCQRSApp\SAFE.TestCQRSApp.csproj", "{8FA8AC09-E4D5-4DE4-96A2-9D142EE75DD5}"
EndProject
Project("{9A19103F-16F7-4668-BE54-9A1E7A4F7556}") = "SAFE.TestCQRSApp.UI", "SAFE.TestCQRSApp.UI\SAFE.TestCQRSApp.UI.csproj", "{53F548BE-FD7F-4C82-B363-928A5FCD049B}"
EndProject
Project("{9A19103F-16F7-4668-BE54-9A1E7A4F7556}") = "SAFE.DotNET", "..\SAFE.DotNET\SAFE.DotNET\SAFE.DotNET.csproj", "{1DBD18F2-52DB-4214-81D9-D6C5D4F897FB}"
EndProject
Global
	GlobalSection(SolutionConfigurationPlatforms) = preSolution
		Debug|Any CPU = Debug|Any CPU
		Release|Any CPU = Release|Any CPU
	EndGlobalSection
	GlobalSection(ProjectConfigurationPlatforms) = postSolution
		{AB2AD02C-7CD5-4BA4-94A4-AD8085B5609C}.Debug|Any CPU.ActiveCfg = Debug|Any CPU
		{AB2AD02C-7CD5-4BA4-94A4-AD8085B5609C}.Debug|Any CPU.Build.0 = Debug|Any CPU
		{AB2AD02C-7CD5-4BA4-94A4-AD8085B5609C}.Release|Any CPU.ActiveCfg = Release|Any CPU
		{AB2AD02C-7CD5-4BA4-94A4-AD8085B5609C}.Release|Any CPU.Build.0 = Release|Any CPU
		{5D5A5146-E300-4EDA-ACB4-935B7F373860}.Debug|Any CPU.ActiveCfg = Debug|Any CPU
		{5D5A5146-E300-4EDA-ACB4-935B7F373860}.Debug|Any CPU.Build.0 = Debug|Any CPU
		{5D5A5146-E300-4EDA-ACB4-935B7F373860}.Release|Any CPU.ActiveCfg = Release|Any CPU
		{5D5A5146-E300-4EDA-ACB4-935B7F373860}.Release|Any CPU.Build.0 = Release|Any CPU
		{A24D2E61-9C36-4D77-835E-362D337DE6A6}.Debug|Any CPU.ActiveCfg = Debug|Any CPU
		{A24D2E61-9C36-4D77-835E-362D337DE6A6}.Debug|Any CPU.Build.0 = Debug|Any CPU
		{A24D2E61-9C36-4D77-835E-362D337DE6A6}.Release|Any CPU.ActiveCfg = Release|Any CPU
		{A24D2E61-9C36-4D77-835E-362D337DE6A6}.Release|Any CPU.Build.0 = Release|Any CPU
		{CE79BE8F-8DAA-459E-848D-4B499B2A5E5B}.Debug|Any CPU.ActiveCfg = Debug|Any CPU
		{CE79BE8F-8DAA-459E-848D-4B499B2A5E5B}.Debug|Any CPU.Build.0 = Debug|Any CPU
		{CE79BE8F-8DAA-459E-848D-4B499B2A5E5B}.Release|Any CPU.ActiveCfg = Release|Any CPU
		{CE79BE8F-8DAA-459E-848D-4B499B2A5E5B}.Release|Any CPU.Build.0 = Release|Any CPU
		{7CECF6DC-FC08-43B5-B034-CFC6DFB60B1F}.Debug|Any CPU.ActiveCfg = Debug|Any CPU
		{7CECF6DC-FC08-43B5-B034-CFC6DFB60B1F}.Debug|Any CPU.Build.0 = Debug|Any CPU
		{7CECF6DC-FC08-43B5-B034-CFC6DFB60B1F}.Release|Any CPU.ActiveCfg = Release|Any CPU
		{7CECF6DC-FC08-43B5-B034-CFC6DFB60B1F}.Release|Any CPU.Build.0 = Release|Any CPU
		{8FA8AC09-E4D5-4DE4-96A2-9D142EE75DD5}.Debug|Any CPU.ActiveCfg = Debug|Any CPU
		{8FA8AC09-E4D5-4DE4-96A2-9D142EE75DD5}.Debug|Any CPU.Build.0 = Debug|Any CPU
		{8FA8AC09-E4D5-4DE4-96A2-9D142EE75DD5}.Release|Any CPU.ActiveCfg = Release|Any CPU
		{8FA8AC09-E4D5-4DE4-96A2-9D142EE75DD5}.Release|Any CPU.Build.0 = Release|Any CPU
		{53F548BE-FD7F-4C82-B363-928A5FCD049B}.Debug|Any CPU.ActiveCfg = Debug|Any CPU
		{53F548BE-FD7F-4C82-B363-928A5FCD049B}.Debug|Any CPU.Build.0 = Debug|Any CPU
		{53F548BE-FD7F-4C82-B363-928A5FCD049B}.Release|Any CPU.ActiveCfg = Release|Any CPU
		{53F548BE-FD7F-4C82-B363-928A5FCD049B}.Release|Any CPU.Build.0 = Release|Any CPU
		{1DBD18F2-52DB-4214-81D9-D6C5D4F897FB}.Debug|Any CPU.ActiveCfg = Debug|Any CPU
		{1DBD18F2-52DB-4214-81D9-D6C5D4F897FB}.Debug|Any CPU.Build.0 = Debug|Any CPU
		{1DBD18F2-52DB-4214-81D9-D6C5D4F897FB}.Release|Any CPU.ActiveCfg = Release|Any CPU
		{1DBD18F2-52DB-4214-81D9-D6C5D4F897FB}.Release|Any CPU.Build.0 = Release|Any CPU
	EndGlobalSection
	GlobalSection(SolutionProperties) = preSolution
		HideSolutionNode = FALSE
	EndGlobalSection
	GlobalSection(NestedProjects) = preSolution
		{5D5A5146-E300-4EDA-ACB4-935B7F373860} = {CED0CC5F-207D-4848-8CC1-77D90BF18465}
		{A24D2E61-9C36-4D77-835E-362D337DE6A6} = {04B93F1D-877B-4069-B1DE-6BD9274C7212}
		{CE79BE8F-8DAA-459E-848D-4B499B2A5E5B} = {33A9936E-EB81-4330-BBBA-65437E05AE94}
		{7CECF6DC-FC08-43B5-B034-CFC6DFB60B1F} = {33A9936E-EB81-4330-BBBA-65437E05AE94}
		{8FA8AC09-E4D5-4DE4-96A2-9D142EE75DD5} = {E349D12D-25E9-414B-93A3-A6E9F86ABBF6}
		{53F548BE-FD7F-4C82-B363-928A5FCD049B} = {E349D12D-25E9-414B-93A3-A6E9F86ABBF6}
	EndGlobalSection
	GlobalSection(ExtensibilityGlobals) = postSolution
		SolutionGuid = {5CB75C65-ED86-48E3-A0CA-C8084DBAFFA2}
	EndGlobalSection
EndGlobal
